// !$*UTF8*$!
{
	archiveVersion = 1;
	classes = {
	};
	objectVersion = 50;
	objects = {

/* Begin PBXBuildFile section */
		3433D6FA2553762700EE7D7C /* decodeMaintenanceApp.swift in Sources */ = {isa = PBXBuildFile; fileRef = 3433D6E72553762700EE7D7C /* decodeMaintenanceApp.swift */; };
		3433D6FB2553762700EE7D7C /* decodeMaintenanceApp.swift in Sources */ = {isa = PBXBuildFile; fileRef = 3433D6E72553762700EE7D7C /* decodeMaintenanceApp.swift */; };
		3433D6FC2553762700EE7D7C /* ContentView.swift in Sources */ = {isa = PBXBuildFile; fileRef = 3433D6E82553762700EE7D7C /* ContentView.swift */; };
		3433D6FD2553762700EE7D7C /* ContentView.swift in Sources */ = {isa = PBXBuildFile; fileRef = 3433D6E82553762700EE7D7C /* ContentView.swift */; };
		3433D6FE2553762700EE7D7C /* Assets.xcassets in Resources */ = {isa = PBXBuildFile; fileRef = 3433D6E92553762700EE7D7C /* Assets.xcassets */; };
		3433D6FF2553762700EE7D7C /* Assets.xcassets in Resources */ = {isa = PBXBuildFile; fileRef = 3433D6E92553762700EE7D7C /* Assets.xcassets */; };
/* End PBXBuildFile section */

/* Begin PBXFileReference section */
		3433D6E72553762700EE7D7C /* decodeMaintenanceApp.swift */ = {isa = PBXFileReference; lastKnownFileType = sourcecode.swift; path = decodeMaintenanceApp.swift; sourceTree = "<group>"; };
		3433D6E82553762700EE7D7C /* ContentView.swift */ = {isa = PBXFileReference; lastKnownFileType = sourcecode.swift; path = ContentView.swift; sourceTree = "<group>"; };
		3433D6E92553762700EE7D7C /* Assets.xcassets */ = {isa = PBXFileReference; lastKnownFileType = folder.assetcatalog; path = Assets.xcassets; sourceTree = "<group>"; };
		3433D6EE2553762700EE7D7C /* decodeMaintenance.app */ = {isa = PBXFileReference; explicitFileType = wrapper.application; includeInIndex = 0; path = decodeMaintenance.app; sourceTree = BUILT_PRODUCTS_DIR; };
		3433D6F12553762700EE7D7C /* Info.plist */ = {isa = PBXFileReference; lastKnownFileType = text.plist.xml; path = Info.plist; sourceTree = "<group>"; };
		3433D6F62553762700EE7D7C /* decodeMaintenance.app */ = {isa = PBXFileReference; explicitFileType = wrapper.application; includeInIndex = 0; path = decodeMaintenance.app; sourceTree = BUILT_PRODUCTS_DIR; };
		3433D6F82553762700EE7D7C /* Info.plist */ = {isa = PBXFileReference; lastKnownFileType = text.plist.xml; path = Info.plist; sourceTree = "<group>"; };
		3433D6F92553762700EE7D7C /* macOS.entitlements */ = {isa = PBXFileReference; lastKnownFileType = text.plist.entitlements; path = macOS.entitlements; sourceTree = "<group>"; };
/* End PBXFileReference section */

/* Begin PBXFrameworksBuildPhase section */
		3433D6EB2553762700EE7D7C /* Frameworks */ = {
			isa = PBXFrameworksBuildPhase;
			buildActionMask = 2147483647;
			files = (
			);
			runOnlyForDeploymentPostprocessing = 0;
		};
		3433D6F32553762700EE7D7C /* Frameworks */ = {
			isa = PBXFrameworksBuildPhase;
			buildActionMask = 2147483647;
			files = (
			);
			runOnlyForDeploymentPostprocessing = 0;
		};
/* End PBXFrameworksBuildPhase section */

/* Begin PBXGroup section */
		3433D6E12553762600EE7D7C = {
			isa = PBXGroup;
			children = (
				3433D6E62553762700EE7D7C /* Shared */,
				3433D6F02553762700EE7D7C /* iOS */,
				3433D6F72553762700EE7D7C /* macOS */,
				3433D6EF2553762700EE7D7C /* Products */,
			);
			sourceTree = "<group>";
		};
		3433D6E62553762700EE7D7C /* Shared */ = {
			isa = PBXGroup;
			children = (
				3433D6E72553762700EE7D7C /* decodeMaintenanceApp.swift */,
				3433D6E82553762700EE7D7C /* ContentView.swift */,
				3433D6E92553762700EE7D7C /* Assets.xcassets */,
			);
			path = Shared;
			sourceTree = "<group>";
		};
		3433D6EF2553762700EE7D7C /* Products */ = {
			isa = PBXGroup;
			children = (
				3433D6EE2553762700EE7D7C /* decodeMaintenance.app */,
				3433D6F62553762700EE7D7C /* decodeMaintenance.app */,
			);
			name = Products;
			sourceTree = "<group>";
		};
		3433D6F02553762700EE7D7C /* iOS */ = {
			isa = PBXGroup;
			children = (
				3433D6F12553762700EE7D7C /* Info.plist */,
			);
			path = iOS;
			sourceTree = "<group>";
		};
		3433D6F72553762700EE7D7C /* macOS */ = {
			isa = PBXGroup;
			children = (
				3433D6F82553762700EE7D7C /* Info.plist */,
				3433D6F92553762700EE7D7C /* macOS.entitlements */,
			);
			path = macOS;
			sourceTree = "<group>";
		};
/* End PBXGroup section */

/* Begin PBXNativeTarget section */
		3433D6ED2553762700EE7D7C /* decodeMaintenance (iOS) */ = {
			isa = PBXNativeTarget;
			buildConfigurationList = 3433D7022553762700EE7D7C /* Build configuration list for PBXNativeTarget "decodeMaintenance (iOS)" */;
			buildPhases = (
				3433D6EA2553762700EE7D7C /* Sources */,
				3433D6EB2553762700EE7D7C /* Frameworks */,
				3433D6EC2553762700EE7D7C /* Resources */,
			);
			buildRules = (
			);
			dependencies = (
			);
			name = "decodeMaintenance (iOS)";
			productName = "decodeMaintenance (iOS)";
			productReference = 3433D6EE2553762700EE7D7C /* decodeMaintenance.app */;
			productType = "com.apple.product-type.application";
		};
		3433D6F52553762700EE7D7C /* decodeMaintenance (macOS) */ = {
			isa = PBXNativeTarget;
			buildConfigurationList = 3433D7052553762700EE7D7C /* Build configuration list for PBXNativeTarget "decodeMaintenance (macOS)" */;
			buildPhases = (
				3433D6F22553762700EE7D7C /* Sources */,
				3433D6F32553762700EE7D7C /* Frameworks */,
				3433D6F42553762700EE7D7C /* Resources */,
			);
			buildRules = (
			);
			dependencies = (
			);
			name = "decodeMaintenance (macOS)";
			productName = "decodeMaintenance (macOS)";
			productReference = 3433D6F62553762700EE7D7C /* decodeMaintenance.app */;
			productType = "com.apple.product-type.application";
		};
/* End PBXNativeTarget section */

/* Begin PBXProject section */
		3433D6E22553762600EE7D7C /* Project object */ = {
			isa = PBXProject;
			attributes = {
				LastSwiftUpdateCheck = 1220;
				LastUpgradeCheck = 1220;
				TargetAttributes = {
					3433D6ED2553762700EE7D7C = {
						CreatedOnToolsVersion = 12.2;
					};
					3433D6F52553762700EE7D7C = {
						CreatedOnToolsVersion = 12.2;
					};
				};
			};
			buildConfigurationList = 3433D6E52553762600EE7D7C /* Build configuration list for PBXProject "decodeMaintenance" */;
			compatibilityVersion = "Xcode 9.3";
			developmentRegion = en;
			hasScannedForEncodings = 0;
			knownRegions = (
				en,
				Base,
			);
			mainGroup = 3433D6E12553762600EE7D7C;
			productRefGroup = 3433D6EF2553762700EE7D7C /* Products */;
			projectDirPath = "";
			projectRoot = "";
			targets = (
				3433D6ED2553762700EE7D7C /* decodeMaintenance (iOS) */,
				3433D6F52553762700EE7D7C /* decodeMaintenance (macOS) */,
			);
		};
/* End PBXProject section */

/* Begin PBXResourcesBuildPhase section */
		3433D6EC2553762700EE7D7C /* Resources */ = {
			isa = PBXResourcesBuildPhase;
			buildActionMask = 2147483647;
			files = (
				3433D6FE2553762700EE7D7C /* Assets.xcassets in Resources */,
			);
			runOnlyForDeploymentPostprocessing = 0;
		};
		3433D6F42553762700EE7D7C /* Resources */ = {
			isa = PBXResourcesBuildPhase;
			buildActionMask = 2147483647;
			files = (
				3433D6FF2553762700EE7D7C /* Assets.xcassets in Resources */,
			);
			runOnlyForDeploymentPostprocessing = 0;
		};
/* End PBXResourcesBuildPhase section */

/* Begin PBXSourcesBuildPhase section */
		3433D6EA2553762700EE7D7C /* Sources */ = {
			isa = PBXSourcesBuildPhase;
			buildActionMask = 2147483647;
			files = (
				3433D6FC2553762700EE7D7C /* ContentView.swift in Sources */,
				3433D6FA2553762700EE7D7C /* decodeMaintenanceApp.swift in Sources */,
			);
			runOnlyForDeploymentPostprocessing = 0;
		};
		3433D6F22553762700EE7D7C /* Sources */ = {
			isa = PBXSourcesBuildPhase;
			buildActionMask = 2147483647;
			files = (
				3433D6FD2553762700EE7D7C /* ContentView.swift in Sources */,
				3433D6FB2553762700EE7D7C /* decodeMaintenanceApp.swift in Sources */,
			);
			runOnlyForDeploymentPostprocessing = 0;
		};
/* End PBXSourcesBuildPhase section */

/* Begin XCBuildConfiguration section */
		3433D7002553762700EE7D7C /* Debug */ = {
			isa = XCBuildConfiguration;
			buildSettings = {
				ALWAYS_SEARCH_USER_PATHS = NO;
				CLANG_ANALYZER_NONNULL = YES;
				CLANG_ANALYZER_NUMBER_OBJECT_CONVERSION = YES_AGGRESSIVE;
				CLANG_CXX_LANGUAGE_STANDARD = "gnu++14";
				CLANG_CXX_LIBRARY = "libc++";
				CLANG_ENABLE_MODULES = YES;
				CLANG_ENABLE_OBJC_ARC = YES;
				CLANG_ENABLE_OBJC_WEAK = YES;
				CLANG_WARN_BLOCK_CAPTURE_AUTORELEASING = YES;
				CLANG_WARN_BOOL_CONVERSION = YES;
				CLANG_WARN_COMMA = YES;
				CLANG_WARN_CONSTANT_CONVERSION = YES;
				CLANG_WARN_DEPRECATED_OBJC_IMPLEMENTATIONS = YES;
				CLANG_WARN_DIRECT_OBJC_ISA_USAGE = YES_ERROR;
				CLANG_WARN_DOCUMENTATION_COMMENTS = YES;
				CLANG_WARN_EMPTY_BODY = YES;
				CLANG_WARN_ENUM_CONVERSION = YES;
				CLANG_WARN_INFINITE_RECURSION = YES;
				CLANG_WARN_INT_CONVERSION = YES;
				CLANG_WARN_NON_LITERAL_NULL_CONVERSION = YES;
				CLANG_WARN_OBJC_IMPLICIT_RETAIN_SELF = YES;
				CLANG_WARN_OBJC_LITERAL_CONVERSION = YES;
				CLANG_WARN_OBJC_ROOT_CLASS = YES_ERROR;
				CLANG_WARN_QUOTED_INCLUDE_IN_FRAMEWORK_HEADER = YES;
				CLANG_WARN_RANGE_LOOP_ANALYSIS = YES;
				CLANG_WARN_STRICT_PROTOTYPES = YES;
				CLANG_WARN_SUSPICIOUS_MOVE = YES;
				CLANG_WARN_UNGUARDED_AVAILABILITY = YES_AGGRESSIVE;
				CLANG_WARN_UNREACHABLE_CODE = YES;
				CLANG_WARN__DUPLICATE_METHOD_MATCH = YES;
				COPY_PHASE_STRIP = NO;
				DEBUG_INFORMATION_FORMAT = dwarf;
				ENABLE_STRICT_OBJC_MSGSEND = YES;
				ENABLE_TESTABILITY = YES;
				GCC_C_LANGUAGE_STANDARD = gnu11;
				GCC_DYNAMIC_NO_PIC = NO;
				GCC_NO_COMMON_BLOCKS = YES;
				GCC_OPTIMIZATION_LEVEL = 0;
				GCC_PREPROCESSOR_DEFINITIONS = (
					"DEBUG=1",
					"$(inherited)",
				);
				GCC_WARN_64_TO_32_BIT_CONVERSION = YES;
				GCC_WARN_ABOUT_RETURN_TYPE = YES_ERROR;
				GCC_WARN_UNDECLARED_SELECTOR = YES;
				GCC_WARN_UNINITIALIZED_AUTOS = YES_AGGRESSIVE;
				GCC_WARN_UNUSED_FUNCTION = YES;
				GCC_WARN_UNUSED_VARIABLE = YES;
				MTL_ENABLE_DEBUG_INFO = INCLUDE_SOURCE;
				MTL_FAST_MATH = YES;
				ONLY_ACTIVE_ARCH = YES;
				SWIFT_ACTIVE_COMPILATION_CONDITIONS = DEBUG;
				SWIFT_OPTIMIZATION_LEVEL = "-Onone";
			};
			name = Debug;
		};
		3433D7012553762700EE7D7C /* Release */ = {
			isa = XCBuildConfiguration;
			buildSettings = {
				ALWAYS_SEARCH_USER_PATHS = NO;
				CLANG_ANALYZER_NONNULL = YES;
				CLANG_ANALYZER_NUMBER_OBJECT_CONVERSION = YES_AGGRESSIVE;
				CLANG_CXX_LANGUAGE_STANDARD = "gnu++14";
				CLANG_CXX_LIBRARY = "libc++";
				CLANG_ENABLE_MODULES = YES;
				CLANG_ENABLE_OBJC_ARC = YES;
				CLANG_ENABLE_OBJC_WEAK = YES;
				CLANG_WARN_BLOCK_CAPTURE_AUTORELEASING = YES;
				CLANG_WARN_BOOL_CONVERSION = YES;
				CLANG_WARN_COMMA = YES;
				CLANG_WARN_CONSTANT_CONVERSION = YES;
				CLANG_WARN_DEPRECATED_OBJC_IMPLEMENTATIONS = YES;
				CLANG_WARN_DIRECT_OBJC_ISA_USAGE = YES_ERROR;
				CLANG_WARN_DOCUMENTATION_COMMENTS = YES;
				CLANG_WARN_EMPTY_BODY = YES;
				CLANG_WARN_ENUM_CONVERSION = YES;
				CLANG_WARN_INFINITE_RECURSION = YES;
				CLANG_WARN_INT_CONVERSION = YES;
				CLANG_WARN_NON_LITERAL_NULL_CONVERSION = YES;
				CLANG_WARN_OBJC_IMPLICIT_RETAIN_SELF = YES;
				CLANG_WARN_OBJC_LITERAL_CONVERSION = YES;
				CLANG_WARN_OBJC_ROOT_CLASS = YES_ERROR;
				CLANG_WARN_QUOTED_INCLUDE_IN_FRAMEWORK_HEADER = YES;
				CLANG_WARN_RANGE_LOOP_ANALYSIS = YES;
				CLANG_WARN_STRICT_PROTOTYPES = YES;
				CLANG_WARN_SUSPICIOUS_MOVE = YES;
				CLANG_WARN_UNGUARDED_AVAILABILITY = YES_AGGRESSIVE;
				CLANG_WARN_UNREACHABLE_CODE = YES;
				CLANG_WARN__DUPLICATE_METHOD_MATCH = YES;
				COPY_PHASE_STRIP = NO;
				DEBUG_INFORMATION_FORMAT = "dwarf-with-dsym";
				ENABLE_NS_ASSERTIONS = NO;
				ENABLE_STRICT_OBJC_MSGSEND = YES;
				GCC_C_LANGUAGE_STANDARD = gnu11;
				GCC_NO_COMMON_BLOCKS = YES;
				GCC_WARN_64_TO_32_BIT_CONVERSION = YES;
				GCC_WARN_ABOUT_RETURN_TYPE = YES_ERROR;
				GCC_WARN_UNDECLARED_SELECTOR = YES;
				GCC_WARN_UNINITIALIZED_AUTOS = YES_AGGRESSIVE;
				GCC_WARN_UNUSED_FUNCTION = YES;
				GCC_WARN_UNUSED_VARIABLE = YES;
				MTL_ENABLE_DEBUG_INFO = NO;
				MTL_FAST_MATH = YES;
				SWIFT_COMPILATION_MODE = wholemodule;
				SWIFT_OPTIMIZATION_LEVEL = "-O";
			};
			name = Release;
		};
		3433D7032553762700EE7D7C /* Debug */ = {
			isa = XCBuildConfiguration;
			buildSettings = {
				ASSETCATALOG_COMPILER_APPICON_NAME = AppIcon;
				ASSETCATALOG_COMPILER_GLOBAL_ACCENT_COLOR_NAME = AccentColor;
				CODE_SIGN_STYLE = Automatic;
				DEVELOPMENT_TEAM = 76YDDNPU7W;
				ENABLE_PREVIEWS = YES;
				INFOPLIST_FILE = iOS/Info.plist;
				IPHONEOS_DEPLOYMENT_TARGET = 14.0;
				LD_RUNPATH_SEARCH_PATHS = (
					"$(inherited)",
					"@executable_path/Frameworks",
				);
				PRODUCT_BUNDLE_IDENTIFIER = com.garryeves.decodeMaintenance;
				PRODUCT_NAME = decodeMaintenance;
				SDKROOT = iphoneos;
				SWIFT_VERSION = 5.0;
				TARGETED_DEVICE_FAMILY = "1,2";
			};
			name = Debug;
		};
		3433D7042553762700EE7D7C /* Release */ = {
			isa = XCBuildConfiguration;
			buildSettings = {
				ASSETCATALOG_COMPILER_APPICON_NAME = AppIcon;
				ASSETCATALOG_COMPILER_GLOBAL_ACCENT_COLOR_NAME = AccentColor;
				CODE_SIGN_STYLE = Automatic;
				DEVELOPMENT_TEAM = 76YDDNPU7W;
				ENABLE_PREVIEWS = YES;
				INFOPLIST_FILE = iOS/Info.plist;
				IPHONEOS_DEPLOYMENT_TARGET = 14.0;
				LD_RUNPATH_SEARCH_PATHS = (
					"$(inherited)",
					"@executable_path/Frameworks",
				);
				PRODUCT_BUNDLE_IDENTIFIER = com.garryeves.decodeMaintenance;
				PRODUCT_NAME = decodeMaintenance;
				SDKROOT = iphoneos;
				SWIFT_VERSION = 5.0;
				TARGETED_DEVICE_FAMILY = "1,2";
				VALIDATE_PRODUCT = YES;
			};
			name = Release;
		};
		3433D7062553762700EE7D7C /* Debug */ = {
			isa = XCBuildConfiguration;
			buildSettings = {
				ASSETCATALOG_COMPILER_APPICON_NAME = AppIcon;
				ASSETCATALOG_COMPILER_GLOBAL_ACCENT_COLOR_NAME = AccentColor;
				CODE_SIGN_ENTITLEMENTS = macOS/macOS.entitlements;
				CODE_SIGN_STYLE = Automatic;
				COMBINE_HIDPI_IMAGES = YES;
				DEVELOPMENT_TEAM = 76YDDNPU7W;
				ENABLE_HARDENED_RUNTIME = YES;
				ENABLE_PREVIEWS = YES;
				INFOPLIST_FILE = macOS/Info.plist;
				LD_RUNPATH_SEARCH_PATHS = (
					"$(inherited)",
					"@executable_path/../Frameworks",
				);
				MACOSX_DEPLOYMENT_TARGET = 11.0;
				PRODUCT_BUNDLE_IDENTIFIER = com.garryeves.decodeMaintenance;
				PRODUCT_NAME = decodeMaintenance;
				SDKROOT = macosx;
				SWIFT_VERSION = 5.0;
			};
			name = Debug;
		};
		3433D7072553762700EE7D7C /* Release */ = {
			isa = XCBuildConfiguration;
			buildSettings = {
				ASSETCATALOG_COMPILER_APPICON_NAME = AppIcon;
				ASSETCATALOG_COMPILER_GLOBAL_ACCENT_COLOR_NAME = AccentColor;
				CODE_SIGN_ENTITLEMENTS = macOS/macOS.entitlements;
				CODE_SIGN_STYLE = Automatic;
				COMBINE_HIDPI_IMAGES = YES;
				DEVELOPMENT_TEAM = 76YDDNPU7W;
				ENABLE_HARDENED_RUNTIME = YES;
				ENABLE_PREVIEWS = YES;
				INFOPLIST_FILE = macOS/Info.plist;
				LD_RUNPATH_SEARCH_PATHS = (
					"$(inherited)",
					"@executable_path/../Frameworks",
				);
				MACOSX_DEPLOYMENT_TARGET = 11.0;
				PRODUCT_BUNDLE_IDENTIFIER = com.garryeves.decodeMaintenance;
				PRODUCT_NAME = decodeMaintenance;
				SDKROOT = macosx;
				SWIFT_VERSION = 5.0;
			};
			name = Release;
		};
/* End XCBuildConfiguration section */

/* Begin XCConfigurationList section */
		3433D6E52553762600EE7D7C /* Build configuration list for PBXProject "decodeMaintenance" */ = {
			isa = XCConfigurationList;
			buildConfigurations = (
				3433D7002553762700EE7D7C /* Debug */,
				3433D7012553762700EE7D7C /* Release */,
			);
			defaultConfigurationIsVisible = 0;
			defaultConfigurationName = Release;
		};
		3433D7022553762700EE7D7C /* Build configuration list for PBXNativeTarget "decodeMaintenance (iOS)" */ = {
			isa = XCConfigurationList;
			buildConfigurations = (
				3433D7032553762700EE7D7C /* Debug */,
				3433D7042553762700EE7D7C /* Release */,
			);
			defaultConfigurationIsVisible = 0;
			defaultConfigurationName = Release;
		};
		3433D7052553762700EE7D7C /* Build configuration list for PBXNativeTarget "decodeMaintenance (macOS)" */ = {
			isa = XCConfigurationList;
			buildConfigurations = (
				3433D7062553762700EE7D7C /* Debug */,
				3433D7072553762700EE7D7C /* Release */,
			);
			defaultConfigurationIsVisible = 0;
			defaultConfigurationName = Release;
		};
/* End XCConfigurationList section */
	};
	rootObject = 3433D6E22553762600EE7D7C /* Project object */;
}
